<?xml version="1.0" encoding="utf-8"?>
<Project ToolsVersion="4.0" xmlns="http://schemas.microsoft.com/developer/msbuild/2003">
  <ItemGroup>
    <ClCompile Include="src\Main.cpp" />
    <ClCompile Include="dependencies\glad\src\glad.c" />
    <ClCompile Include="src\BackEnd\BackEnd.cpp" />
    <ClCompile Include="src\BackEnd\Helper\Shader.cpp" />
    <ClCompile Include="src\BackEnd\Helper\VBO.cpp" />
    <ClCompile Include="src\BackEnd\Helper\EBO.cpp" />
    <ClCompile Include="src\BackEnd\Helper\VAO.cpp" />
    <ClCompile Include="src\BackEnd\Helper\GLDebug.cpp" />
    <ClCompile Include="src\BackEnd\Camera.cpp" />
    <ClCompile Include="dependencies\stb\stb.cpp" />
    <ClCompile Include="src\BackEnd\Helper\Texture.cpp" />
    <ClCompile Include="src\BackEnd\Mesh.cpp" />
    <ClCompile Include="src\BackEnd\Model.cpp" />
    <ClCompile Include="dependencies\tinyobj\tiny_obj_loader.cpp" />
    <ClCompile Include="src\CustomObjects\LightCube.cpp" />
    <ClCompile Include="src\CustomObjects\Plane.cpp" />
  </ItemGroup>
  <ItemGroup>
    <ClInclude Include="src\BackEnd\BackEnd.h" />
    <ClInclude Include="src\BackEnd\Helper\Shader.h" />
    <ClInclude Include="src\BackEnd\Helper\VBO.h" />
    <ClInclude Include="src\BackEnd\Helper\EBO.h" />
    <ClInclude Include="src\BackEnd\Helper\VAO.h" />
    <ClInclude Include="src\BackEnd\Helper\GLDebug.h" />
    <ClInclude Include="src\BackEnd\Camera.h" />
    <ClInclude Include="dependencies\stb\stb_image.h" />
    <ClInclude Include="src\BackEnd\Helper\Texture.h" />
    <ClInclude Include="src\BackEnd\Mesh.h" />
    <ClInclude Include="src\BackEnd\Model.h" />
    <ClInclude Include="dependencies\assimp\include\Compiler\poppack1.h" />
    <ClInclude Include="dependencies\assimp\include\Compiler\pstdint.h" />
    <ClInclude Include="dependencies\assimp\include\Compiler\pushpack1.h" />
    <ClInclude Include="dependencies\assimp\include\port\AndroidJNI\AndroidJNIIOSystem.h" />
    <ClInclude Include="dependencies\assimp\include\port\AndroidJNI\BundledAssetIOSystem.h" />
    <ClInclude Include="dependencies\assimp\include\ai_assert.h" />
    <ClInclude Include="dependencies\assimp\include\anim.h" />
    <ClInclude Include="dependencies\assimp\include\AssertHandler.h" />
    <ClInclude Include="dependencies\assimp\include\Base64.hpp" />
    <ClInclude Include="dependencies\assimp\include\BaseImporter.h" />
    <ClInclude Include="dependencies\assimp\include\Bitmap.h" />
    <ClInclude Include="dependencies\assimp\include\BlobIOSystem.h" />
    <ClInclude Include="dependencies\assimp\include\ByteSwapper.h" />
    <ClInclude Include="dependencies\assimp\include\camera.h" />
    <ClInclude Include="dependencies\assimp\include\cexport.h" />
    <ClInclude Include="dependencies\assimp\include\cfileio.h" />
    <ClInclude Include="dependencies\assimp\include\cimport.h" />
    <ClInclude Include="dependencies\assimp\include\ColladaMetaData.h" />
    <ClInclude Include="dependencies\assimp\include\color4.h" />
    <ClInclude Include="dependencies\assimp\include\commonMetaData.h" />
    <ClInclude Include="dependencies\assimp\include\config.h" />
    <ClInclude Include="dependencies\assimp\include\CreateAnimMesh.h" />
    <ClInclude Include="dependencies\assimp\include\DefaultIOStream.h" />
    <ClInclude Include="dependencies\assimp\include\DefaultIOSystem.h" />
    <ClInclude Include="dependencies\assimp\include\DefaultLogger.hpp" />
    <ClInclude Include="dependencies\assimp\include\defs.h" />
    <ClInclude Include="dependencies\assimp\include\Exceptional.h" />
    <ClInclude Include="dependencies\assimp\include\Exporter.hpp" />
    <ClInclude Include="dependencies\assimp\include\fast_atof.h" />
    <ClInclude Include="dependencies\assimp\include\GenericProperty.h" />
    <ClInclude Include="dependencies\assimp\include\GltfMaterial.h" />
    <ClInclude Include="dependencies\assimp\include\Hash.h" />
    <ClInclude Include="dependencies\assimp\include\Importer.hpp" />
    <ClInclude Include="dependencies\assimp\include\importerdesc.h" />
    <ClInclude Include="dependencies\assimp\include\IOStream.hpp" />
    <ClInclude Include="dependencies\assimp\include\IOStreamBuffer.h" />
    <ClInclude Include="dependencies\assimp\include\IOSystem.hpp" />
    <ClInclude Include="dependencies\assimp\include\light.h" />
    <ClInclude Include="dependencies\assimp\include\LineSplitter.h" />
    <ClInclude Include="dependencies\assimp\include\LogAux.h" />
    <ClInclude Include="dependencies\assimp\include\Logger.hpp" />
    <ClInclude Include="dependencies\assimp\include\LogStream.hpp" />
    <ClInclude Include="dependencies\assimp\include\material.h" />
    <ClInclude Include="dependencies\assimp\include\MathFunctions.h" />
    <ClInclude Include="dependencies\assimp\include\matrix3x3.h" />
    <ClInclude Include="dependencies\assimp\include\matrix4x4.h" />
    <ClInclude Include="dependencies\assimp\include\MemoryIOWrapper.h" />
    <ClInclude Include="dependencies\assimp\include\mesh.h" />
    <ClInclude Include="dependencies\assimp\include\metadata.h" />
    <ClInclude Include="dependencies\assimp\include\NullLogger.hpp" />
    <ClInclude Include="dependencies\assimp\include\ObjMaterial.h" />
    <ClInclude Include="dependencies\assimp\include\ParsingUtils.h" />
    <ClInclude Include="dependencies\assimp\include\pbrmaterial.h" />
    <ClInclude Include="dependencies\assimp\include\postprocess.h" />
    <ClInclude Include="dependencies\assimp\include\Profiler.h" />
    <ClInclude Include="dependencies\assimp\include\ProgressHandler.hpp" />
    <ClInclude Include="dependencies\assimp\include\qnan.h" />
    <ClInclude Include="dependencies\assimp\include\quaternion.h" />
    <ClInclude Include="dependencies\assimp\include\RemoveComments.h" />
    <ClInclude Include="dependencies\assimp\include\revision.h" />
    <ClInclude Include="dependencies\assimp\include\scene.h" />
    <ClInclude Include="dependencies\assimp\include\SceneCombiner.h" />
    <ClInclude Include="dependencies\assimp\include\SGSpatialSort.h" />
    <ClInclude Include="dependencies\assimp\include\SkeletonMeshBuilder.h" />
    <ClInclude Include="dependencies\assimp\include\SmallVector.h" />
    <ClInclude Include="dependencies\assimp\include\SmoothingGroups.h" />
    <ClInclude Include="dependencies\assimp\include\SpatialSort.h" />
    <ClInclude Include="dependencies\assimp\include\StandardShapes.h" />
    <ClInclude Include="dependencies\assimp\include\StreamReader.h" />
    <ClInclude Include="dependencies\assimp\include\StreamWriter.h" />
    <ClInclude Include="dependencies\assimp\include\StringComparison.h" />
    <ClInclude Include="dependencies\assimp\include\StringUtils.h" />
    <ClInclude Include="dependencies\assimp\include\Subdivision.h" />
    <ClInclude Include="dependencies\assimp\include\texture.h" />
    <ClInclude Include="dependencies\assimp\include\TinyFormatter.h" />
    <ClInclude Include="dependencies\assimp\include\types.h" />
    <ClInclude Include="dependencies\assimp\include\vector2.h" />
    <ClInclude Include="dependencies\assimp\include\vector3.h" />
    <ClInclude Include="dependencies\assimp\include\version.h" />
    <ClInclude Include="dependencies\assimp\include\Vertex.h" />
    <ClInclude Include="dependencies\assimp\include\XmlParser.h" />
    <ClInclude Include="dependencies\assimp\include\XMLTools.h" />
    <ClInclude Include="dependencies\assimp\include\ZipArchiveIOSystem.h" />
    <ClInclude Include="dependencies\assimp\include\assimp\Compiler\poppack1.h" />
    <ClInclude Include="dependencies\assimp\include\assimp\Compiler\pstdint.h" />
    <ClInclude Include="dependencies\assimp\include\assimp\Compiler\pushpack1.h" />
    <ClInclude Include="dependencies\assimp\include\assimp\port\AndroidJNI\AndroidJNIIOSystem.h" />
    <ClInclude Include="dependencies\assimp\include\assimp\port\AndroidJNI\BundledAssetIOSystem.h" />
    <ClInclude Include="dependencies\assimp\include\assimp\aabb.h" />
    <ClInclude Include="dependencies\assimp\include\assimp\ai_assert.h" />
    <ClInclude Include="dependencies\assimp\include\assimp\anim.h" />
    <ClInclude Include="dependencies\assimp\include\assimp\AssertHandler.h" />
    <ClInclude Include="dependencies\assimp\include\assimp\Base64.hpp" />
    <ClInclude Include="dependencies\assimp\include\assimp\BaseImporter.h" />
    <ClInclude Include="dependencies\assimp\include\assimp\Bitmap.h" />
    <ClInclude Include="dependencies\assimp\include\assimp\BlobIOSystem.h" />
    <ClInclude Include="dependencies\assimp\include\assimp\ByteSwapper.h" />
    <ClInclude Include="dependencies\assimp\include\assimp\camera.h" />
    <ClInclude Include="dependencies\assimp\include\assimp\cexport.h" />
    <ClInclude Include="dependencies\assimp\include\assimp\cfileio.h" />
    <ClInclude Include="dependencies\assimp\include\assimp\cimport.h" />
    <ClInclude Include="dependencies\assimp\include\assimp\ColladaMetaData.h" />
    <ClInclude Include="dependencies\assimp\include\assimp\color4.h" />
    <ClInclude Include="dependencies\assimp\include\assimp\commonMetaData.h" />
    <ClInclude Include="dependencies\assimp\include\assimp\config.h" />
    <ClInclude Include="dependencies\assimp\include\assimp\CreateAnimMesh.h" />
    <ClInclude Include="dependencies\assimp\include\assimp\DefaultIOStream.h" />
    <ClInclude Include="dependencies\assimp\include\assimp\DefaultIOSystem.h" />
    <ClInclude Include="dependencies\assimp\include\assimp\DefaultLogger.hpp" />
    <ClInclude Include="dependencies\assimp\include\assimp\defs.h" />
    <ClInclude Include="dependencies\assimp\include\assimp\Exceptional.h" />
    <ClInclude Include="dependencies\assimp\include\assimp\Exporter.hpp" />
    <ClInclude Include="dependencies\assimp\include\assimp\fast_atof.h" />
    <ClInclude Include="dependencies\assimp\include\assimp\GenericProperty.h" />
    <ClInclude Include="dependencies\assimp\include\assimp\GltfMaterial.h" />
    <ClInclude Include="dependencies\assimp\include\assimp\Hash.h" />
    <ClInclude Include="dependencies\assimp\include\assimp\Importer.hpp" />
    <ClInclude Include="dependencies\assimp\include\assimp\importerdesc.h" />
    <ClInclude Include="dependencies\assimp\include\assimp\IOStream.hpp" />
    <ClInclude Include="dependencies\assimp\include\assimp\IOStreamBuffer.h" />
    <ClInclude Include="dependencies\assimp\include\assimp\IOSystem.hpp" />
    <ClInclude Include="dependencies\assimp\include\assimp\light.h" />
    <ClInclude Include="dependencies\assimp\include\assimp\LineSplitter.h" />
    <ClInclude Include="dependencies\assimp\include\assimp\LogAux.h" />
    <ClInclude Include="dependencies\assimp\include\assimp\Logger.hpp" />
    <ClInclude Include="dependencies\assimp\include\assimp\LogStream.hpp" />
    <ClInclude Include="dependencies\assimp\include\assimp\material.h" />
    <ClInclude Include="dependencies\assimp\include\assimp\MathFunctions.h" />
    <ClInclude Include="dependencies\assimp\include\assimp\matrix3x3.h" />
    <ClInclude Include="dependencies\assimp\include\assimp\matrix4x4.h" />
    <ClInclude Include="dependencies\assimp\include\assimp\MemoryIOWrapper.h" />
    <ClInclude Include="dependencies\assimp\include\assimp\mesh.h" />
    <ClInclude Include="dependencies\assimp\include\assimp\metadata.h" />
    <ClInclude Include="dependencies\assimp\include\assimp\NullLogger.hpp" />
    <ClInclude Include="dependencies\assimp\include\assimp\ObjMaterial.h" />
    <ClInclude Include="dependencies\assimp\include\assimp\ParsingUtils.h" />
    <ClInclude Include="dependencies\assimp\include\assimp\pbrmaterial.h" />
    <ClInclude Include="dependencies\assimp\include\assimp\postprocess.h" />
    <ClInclude Include="dependencies\assimp\include\assimp\Profiler.h" />
    <ClInclude Include="dependencies\assimp\include\assimp\ProgressHandler.hpp" />
    <ClInclude Include="dependencies\assimp\include\assimp\qnan.h" />
    <ClInclude Include="dependencies\assimp\include\assimp\quaternion.h" />
    <ClInclude Include="dependencies\assimp\include\assimp\RemoveComments.h" />
    <ClInclude Include="dependencies\assimp\include\assimp\revision.h" />
    <ClInclude Include="dependencies\assimp\include\assimp\scene.h" />
    <ClInclude Include="dependencies\assimp\include\assimp\SceneCombiner.h" />
    <ClInclude Include="dependencies\assimp\include\assimp\SGSpatialSort.h" />
    <ClInclude Include="dependencies\assimp\include\assimp\SkeletonMeshBuilder.h" />
    <ClInclude Include="dependencies\assimp\include\assimp\SmallVector.h" />
    <ClInclude Include="dependencies\assimp\include\assimp\SmoothingGroups.h" />
    <ClInclude Include="dependencies\assimp\include\assimp\SpatialSort.h" />
    <ClInclude Include="dependencies\assimp\include\assimp\StandardShapes.h" />
    <ClInclude Include="dependencies\assimp\include\assimp\StreamReader.h" />
    <ClInclude Include="dependencies\assimp\include\assimp\StreamWriter.h" />
    <ClInclude Include="dependencies\assimp\include\assimp\StringComparison.h" />
    <ClInclude Include="dependencies\assimp\include\assimp\StringUtils.h" />
    <ClInclude Include="dependencies\assimp\include\assimp\Subdivision.h" />
    <ClInclude Include="dependencies\assimp\include\assimp\texture.h" />
    <ClInclude Include="dependencies\assimp\include\assimp\TinyFormatter.h" />
    <ClInclude Include="dependencies\assimp\include\assimp\types.h" />
    <ClInclude Include="dependencies\assimp\include\assimp\vector2.h" />
    <ClInclude Include="dependencies\assimp\include\assimp\vector3.h" />
    <ClInclude Include="dependencies\assimp\include\assimp\version.h" />
    <ClInclude Include="dependencies\assimp\include\assimp\Vertex.h" />
    <ClInclude Include="dependencies\assimp\include\assimp\XmlParser.h" />
    <ClInclude Include="dependencies\assimp\include\assimp\XMLTools.h" />
    <ClInclude Include="dependencies\assimp\include\assimp\ZipArchiveIOSystem.h" />
    <ClInclude Include="src\CustomObjects\LightCube.h" />
    <ClInclude Include="src\CustomObjects\Plane.h" />
  </ItemGroup>
  <ItemGroup>
    <None Include="res\shaders\default.vert" />
    <None Include="res\shaders\default.frag" />
    <None Include="res\shaders\hg_sdf.glsl" />
    <None Include="res\shaders\light.vert" />
    <None Include="res\shaders\light.frag" />
    <None Include="dependencies\assimp\include\color4.inl" />
    <None Include="dependencies\assimp\include\material.inl" />
    <None Include="dependencies\assimp\include\matrix3x3.inl" />
    <None Include="dependencies\assimp\include\matrix4x4.inl" />
    <None Include="dependencies\assimp\include\quaternion.inl" />
    <None Include="dependencies\assimp\include\SmoothingGroups.inl" />
    <None Include="dependencies\assimp\include\vector2.inl" />
    <None Include="dependencies\assimp\include\vector3.inl" />
    <None Include="dependencies\assimp\include\assimp\color4.inl" />
    <None Include="dependencies\assimp\include\assimp\material.inl" />
    <None Include="dependencies\assimp\include\assimp\matrix3x3.inl" />
    <None Include="dependencies\assimp\include\assimp\matrix4x4.inl" />
    <None Include="dependencies\assimp\include\assimp\quaternion.inl" />
    <None Include="dependencies\assimp\include\assimp\SmoothingGroups.inl" />
    <None Include="dependencies\assimp\include\assimp\vector2.inl" />
    <None Include="dependencies\assimp\include\assimp\vector3.inl" />
    <None Include="src\assimp-vc143-mtd.dll" />
  </ItemGroup>
  <ItemGroup>
    <Image Include="..\..\..\..\Downloads\pop_cat.png" />
    <Image Include="res\textures\pop_cat.png" />
    <Image Include="res\textures\red-brick.png" />
    <Image Include="res\textures\planksSpec.png" />
    <Image Include="res\textures\planks.png" />
  </ItemGroup>
</Project>